
Microsoft Visual Studio Solution File, Format Version 12.00
# Visual Studio Version 17
VisualStudioVersion = 17.1.31911.260
MinimumVisualStudioVersion = 10.0.40219.1
Project("{2150E333-8FDC-42A3-9474-1A3956D46DE8}") = "Console", "Console", "{46D15C55-D1EB-4837-A833-5E4E816F5406}"
EndProject
Project("{9A19103F-16F7-4668-BE54-9A1E7A4F7556}") = "distribution-design-patterns", "distribution-design-patterns\distribution-design-patterns.csproj", "{0084DD96-1DB3-4150-8710-8D5244D49424}"
EndProject
Project("{9A19103F-16F7-4668-BE54-9A1E7A4F7556}") = "DataTransferObject.Console", "Console\DataTransferObject.Console\DataTransferObject.Console.csproj", "{5D11AE56-4A90-4514-9CB7-117B05C2C5D0}"
EndProject
Global
	GlobalSection(SolutionConfigurationPlatforms) = preSolution
		Debug|Any CPU = Debug|Any CPU
		Release|Any CPU = Release|Any CPU
	EndGlobalSection
	GlobalSection(ProjectConfigurationPlatforms) = postSolution
		{0084DD96-1DB3-4150-8710-8D5244D49424}.Debug|Any CPU.ActiveCfg = Debug|Any CPU
		{0084DD96-1DB3-4150-8710-8D5244D49424}.Debug|Any CPU.Build.0 = Debug|Any CPU
		{0084DD96-1DB3-4150-8710-8D5244D49424}.Release|Any CPU.ActiveCfg = Release|Any CPU
		{0084DD96-1DB3-4150-8710-8D5244D49424}.Release|Any CPU.Build.0 = Release|Any CPU
		{5D11AE56-4A90-4514-9CB7-117B05C2C5D0}.Debug|Any CPU.ActiveCfg = Debug|Any CPU
		{5D11AE56-4A90-4514-9CB7-117B05C2C5D0}.Debug|Any CPU.Build.0 = Debug|Any CPU
		{5D11AE56-4A90-4514-9CB7-117B05C2C5D0}.Release|Any CPU.ActiveCfg = Release|Any CPU
		{5D11AE56-4A90-4514-9CB7-117B05C2C5D0}.Release|Any CPU.Build.0 = Release|Any CPU
	EndGlobalSection
	GlobalSection(SolutionProperties) = preSolution
		HideSolutionNode = FALSE
	EndGlobalSection
	GlobalSection(NestedProjects) = preSolution
		{5D11AE56-4A90-4514-9CB7-117B05C2C5D0} = {46D15C55-D1EB-4837-A833-5E4E816F5406}
	EndGlobalSection
	GlobalSection(ExtensibilityGlobals) = postSolution
		SolutionGuid = {75DD28E1-44B3-43F0-83E4-A47352F60B6A}
	EndGlobalSection
EndGlobal
